// !$*UTF8*$!
{
	archiveVersion = 1;
	classes = {
	};
	objectVersion = 46;
	objects = {

/* Begin PBXBuildFile section */
		567F359C1E8C377D00CFCAFD /* AppDelegate.swift in Sources */ = {isa = PBXBuildFile; fileRef = 567F359B1E8C377D00CFCAFD /* AppDelegate.swift */; };
		567F359E1E8C377D00CFCAFD /* ViewController.swift in Sources */ = {isa = PBXBuildFile; fileRef = 567F359D1E8C377D00CFCAFD /* ViewController.swift */; };
		567F35A11E8C377D00CFCAFD /* Main.storyboard in Resources */ = {isa = PBXBuildFile; fileRef = 567F359F1E8C377D00CFCAFD /* Main.storyboard */; };
		567F35A31E8C377D00CFCAFD /* Assets.xcassets in Resources */ = {isa = PBXBuildFile; fileRef = 567F35A21E8C377D00CFCAFD /* Assets.xcassets */; };
		567F35A61E8C377D00CFCAFD /* LaunchScreen.storyboard in Resources */ = {isa = PBXBuildFile; fileRef = 567F35A41E8C377D00CFCAFD /* LaunchScreen.storyboard */; };
		567F35B11E8C377D00CFCAFD /* supremetestbruhTests.swift in Sources */ = {isa = PBXBuildFile; fileRef = 567F35B01E8C377D00CFCAFD /* supremetestbruhTests.swift */; };
		567F35BC1E8C377D00CFCAFD /* supremetestbruhUITests.swift in Sources */ = {isa = PBXBuildFile; fileRef = 567F35BB1E8C377D00CFCAFD /* supremetestbruhUITests.swift */; };
/* End PBXBuildFile section */

/* Begin PBXContainerItemProxy section */
		567F35AD1E8C377D00CFCAFD /* PBXContainerItemProxy */ = {
			isa = PBXContainerItemProxy;
			containerPortal = 567F35901E8C377D00CFCAFD /* Project object */;
			proxyType = 1;
			remoteGlobalIDString = 567F35971E8C377D00CFCAFD;
			remoteInfo = supremetestbruh;
		};
		567F35B81E8C377D00CFCAFD /* PBXContainerItemProxy */ = {
			isa = PBXContainerItemProxy;
			containerPortal = 567F35901E8C377D00CFCAFD /* Project object */;
			proxyType = 1;
			remoteGlobalIDString = 567F35971E8C377D00CFCAFD;
			remoteInfo = supremetestbruh;
		};
/* End PBXContainerItemProxy section */

/* Begin PBXFileReference section */
		567F35981E8C377D00CFCAFD /* supremetestbruh.app */ = {isa = PBXFileReference; explicitFileType = wrapper.application; includeInIndex = 0; path = supremetestbruh.app; sourceTree = BUILT_PRODUCTS_DIR; };
		567F359B1E8C377D00CFCAFD /* AppDelegate.swift */ = {isa = PBXFileReference; lastKnownFileType = sourcecode.swift; path = AppDelegate.swift; sourceTree = "<group>"; };
		567F359D1E8C377D00CFCAFD /* ViewController.swift */ = {isa = PBXFileReference; lastKnownFileType = sourcecode.swift; path = ViewController.swift; sourceTree = "<group>"; };
		567F35A01E8C377D00CFCAFD /* Base */ = {isa = PBXFileReference; lastKnownFileType = file.storyboard; name = Base; path = Base.lproj/Main.storyboard; sourceTree = "<group>"; };
		567F35A21E8C377D00CFCAFD /* Assets.xcassets */ = {isa = PBXFileReference; lastKnownFileType = folder.assetcatalog; path = Assets.xcassets; sourceTree = "<group>"; };
		567F35A51E8C377D00CFCAFD /* Base */ = {isa = PBXFileReference; lastKnownFileType = file.storyboard; name = Base; path = Base.lproj/LaunchScreen.storyboard; sourceTree = "<group>"; };
		567F35A71E8C377D00CFCAFD /* Info.plist */ = {isa = PBXFileReference; lastKnownFileType = text.plist.xml; path = Info.plist; sourceTree = "<group>"; };
		567F35AC1E8C377D00CFCAFD /* supremetestbruhTests.xctest */ = {isa = PBXFileReference; explicitFileType = wrapper.cfbundle; includeInIndex = 0; path = supremetestbruhTests.xctest; sourceTree = BUILT_PRODUCTS_DIR; };
		567F35B01E8C377D00CFCAFD /* supremetestbruhTests.swift */ = {isa = PBXFileReference; lastKnownFileType = sourcecode.swift; path = supremetestbruhTests.swift; sourceTree = "<group>"; };
		567F35B21E8C377D00CFCAFD /* Info.plist */ = {isa = PBXFileReference; lastKnownFileType = text.plist.xml; path = Info.plist; sourceTree = "<group>"; };
		567F35B71E8C377D00CFCAFD /* supremetestbruhUITests.xctest */ = {isa = PBXFileReference; explicitFileType = wrapper.cfbundle; includeInIndex = 0; path = supremetestbruhUITests.xctest; sourceTree = BUILT_PRODUCTS_DIR; };
		567F35BB1E8C377D00CFCAFD /* supremetestbruhUITests.swift */ = {isa = PBXFileReference; lastKnownFileType = sourcecode.swift; path = supremetestbruhUITests.swift; sourceTree = "<group>"; };
		567F35BD1E8C377D00CFCAFD /* Info.plist */ = {isa = PBXFileReference; lastKnownFileType = text.plist.xml; path = Info.plist; sourceTree = "<group>"; };
/* End PBXFileReference section */

/* Begin PBXFrameworksBuildPhase section */
		567F35951E8C377D00CFCAFD /* Frameworks */ = {
			isa = PBXFrameworksBuildPhase;
			buildActionMask = 2147483647;
			files = (
			);
			runOnlyForDeploymentPostprocessing = 0;
		};
		567F35A91E8C377D00CFCAFD /* Frameworks */ = {
			isa = PBXFrameworksBuildPhase;
			buildActionMask = 2147483647;
			files = (
			);
			runOnlyForDeploymentPostprocessing = 0;
		};
		567F35B41E8C377D00CFCAFD /* Frameworks */ = {
			isa = PBXFrameworksBuildPhase;
			buildActionMask = 2147483647;
			files = (
			);
			runOnlyForDeploymentPostprocessing = 0;
		};
/* End PBXFrameworksBuildPhase section */

/* Begin PBXGroup section */
		567F358F1E8C377C00CFCAFD = {
			isa = PBXGroup;
			children = (
				567F359A1E8C377D00CFCAFD /* supremetestbruh */,
				567F35AF1E8C377D00CFCAFD /* supremetestbruhTests */,
				567F35BA1E8C377D00CFCAFD /* supremetestbruhUITests */,
				567F35991E8C377D00CFCAFD /* Products */,
			);
			sourceTree = "<group>";
		};
		567F35991E8C377D00CFCAFD /* Products */ = {
			isa = PBXGroup;
			children = (
				567F35981E8C377D00CFCAFD /* supremetestbruh.app */,
				567F35AC1E8C377D00CFCAFD /* supremetestbruhTests.xctest */,
				567F35B71E8C377D00CFCAFD /* supremetestbruhUITests.xctest */,
			);
			name = Products;
			sourceTree = "<group>";
		};
		567F359A1E8C377D00CFCAFD /* supremetestbruh */ = {
			isa = PBXGroup;
			children = (
				567F359B1E8C377D00CFCAFD /* AppDelegate.swift */,
				567F359D1E8C377D00CFCAFD /* ViewController.swift */,
				567F359F1E8C377D00CFCAFD /* Main.storyboard */,
				567F35A21E8C377D00CFCAFD /* Assets.xcassets */,
				567F35A41E8C377D00CFCAFD /* LaunchScreen.storyboard */,
				567F35A71E8C377D00CFCAFD /* Info.plist */,
			);
			path = supremetestbruh;
			sourceTree = "<group>";
		};
		567F35AF1E8C377D00CFCAFD /* supremetestbruhTests */ = {
			isa = PBXGroup;
			children = (
				567F35B01E8C377D00CFCAFD /* supremetestbruhTests.swift */,
				567F35B21E8C377D00CFCAFD /* Info.plist */,
			);
			path = supremetestbruhTests;
			sourceTree = "<group>";
		};
		567F35BA1E8C377D00CFCAFD /* supremetestbruhUITests */ = {
			isa = PBXGroup;
			children = (
				567F35BB1E8C377D00CFCAFD /* supremetestbruhUITests.swift */,
				567F35BD1E8C377D00CFCAFD /* Info.plist */,
			);
			path = supremetestbruhUITests;
			sourceTree = "<group>";
		};
/* End PBXGroup section */

/* Begin PBXNativeTarget section */
		567F35971E8C377D00CFCAFD /* supremetestbruh */ = {
			isa = PBXNativeTarget;
			buildConfigurationList = 567F35C01E8C377D00CFCAFD /* Build configuration list for PBXNativeTarget "supremetestbruh" */;
			buildPhases = (
				567F35941E8C377D00CFCAFD /* Sources */,
				567F35951E8C377D00CFCAFD /* Frameworks */,
				567F35961E8C377D00CFCAFD /* Resources */,
			);
			buildRules = (
			);
			dependencies = (
			);
			name = supremetestbruh;
			productName = supremetestbruh;
			productReference = 567F35981E8C377D00CFCAFD /* supremetestbruh.app */;
			productType = "com.apple.product-type.application";
		};
		567F35AB1E8C377D00CFCAFD /* supremetestbruhTests */ = {
			isa = PBXNativeTarget;
			buildConfigurationList = 567F35C31E8C377D00CFCAFD /* Build configuration list for PBXNativeTarget "supremetestbruhTests" */;
			buildPhases = (
				567F35A81E8C377D00CFCAFD /* Sources */,
				567F35A91E8C377D00CFCAFD /* Frameworks */,
				567F35AA1E8C377D00CFCAFD /* Resources */,
			);
			buildRules = (
			);
			dependencies = (
				567F35AE1E8C377D00CFCAFD /* PBXTargetDependency */,
			);
			name = supremetestbruhTests;
			productName = supremetestbruhTests;
			productReference = 567F35AC1E8C377D00CFCAFD /* supremetestbruhTests.xctest */;
			productType = "com.apple.product-type.bundle.unit-test";
		};
		567F35B61E8C377D00CFCAFD /* supremetestbruhUITests */ = {
			isa = PBXNativeTarget;
			buildConfigurationList = 567F35C61E8C377D00CFCAFD /* Build configuration list for PBXNativeTarget "supremetestbruhUITests" */;
			buildPhases = (
				567F35B31E8C377D00CFCAFD /* Sources */,
				567F35B41E8C377D00CFCAFD /* Frameworks */,
				567F35B51E8C377D00CFCAFD /* Resources */,
			);
			buildRules = (
			);
			dependencies = (
				567F35B91E8C377D00CFCAFD /* PBXTargetDependency */,
			);
			name = supremetestbruhUITests;
			productName = supremetestbruhUITests;
			productReference = 567F35B71E8C377D00CFCAFD /* supremetestbruhUITests.xctest */;
			productType = "com.apple.product-type.bundle.ui-testing";
		};
/* End PBXNativeTarget section */

/* Begin PBXProject section */
		567F35901E8C377D00CFCAFD /* Project object */ = {
			isa = PBXProject;
			attributes = {
				LastSwiftUpdateCheck = 0730;
				LastUpgradeCheck = 0730;
				ORGANIZATIONNAME = "Cameron Chisholm";
				TargetAttributes = {
					567F35971E8C377D00CFCAFD = {
						CreatedOnToolsVersion = 7.3;
					};
					567F35AB1E8C377D00CFCAFD = {
						CreatedOnToolsVersion = 7.3;
						TestTargetID = 567F35971E8C377D00CFCAFD;
					};
					567F35B61E8C377D00CFCAFD = {
						CreatedOnToolsVersion = 7.3;
						TestTargetID = 567F35971E8C377D00CFCAFD;
					};
				};
			};
			buildConfigurationList = 567F35931E8C377D00CFCAFD /* Build configuration list for PBXProject "supremetestbruh" */;
			compatibilityVersion = "Xcode 3.2";
			developmentRegion = English;
			hasScannedForEncodings = 0;
			knownRegions = (
				en,
				Base,
			);
			mainGroup = 567F358F1E8C377C00CFCAFD;
			productRefGroup = 567F35991E8C377D00CFCAFD /* Products */;
			projectDirPath = "";
			projectRoot = "";
			targets = (
				567F35971E8C377D00CFCAFD /* supremetestbruh */,
				567F35AB1E8C377D00CFCAFD /* supremetestbruhTests */,
				567F35B61E8C377D00CFCAFD /* supremetestbruhUITests */,
			);
		};
/* End PBXProject section */

/* Begin PBXResourcesBuildPhase section */
		567F35961E8C377D00CFCAFD /* Resources */ = {
			isa = PBXResourcesBuildPhase;
			buildActionMask = 2147483647;
			files = (
				567F35A61E8C377D00CFCAFD /* LaunchScreen.storyboard in Resources */,
				567F35A31E8C377D00CFCAFD /* Assets.xcassets in Resources */,
				567F35A11E8C377D00CFCAFD /* Main.storyboard in Resources */,
			);
			runOnlyForDeploymentPostprocessing = 0;
		};
		567F35AA1E8C377D00CFCAFD /* Resources */ = {
			isa = PBXResourcesBuildPhase;
			buildActionMask = 2147483647;
			files = (
			);
			runOnlyForDeploymentPostprocessing = 0;
		};
		567F35B51E8C377D00CFCAFD /* Resources */ = {
			isa = PBXResourcesBuildPhase;
			buildActionMask = 2147483647;
			files = (
			);
			runOnlyForDeploymentPostprocessing = 0;
		};
/* End PBXResourcesBuildPhase section */

/* Begin PBXSourcesBuildPhase section */
		567F35941E8C377D00CFCAFD /* Sources */ = {
			isa = PBXSourcesBuildPhase;
			buildActionMask = 2147483647;
			files = (
				567F359E1E8C377D00CFCAFD /* ViewController.swift in Sources */,
				567F359C1E8C377D00CFCAFD /* AppDelegate.swift in Sources */,
			);
			runOnlyForDeploymentPostprocessing = 0;
		};
		567F35A81E8C377D00CFCAFD /* Sources */ = {
			isa = PBXSourcesBuildPhase;
			buildActionMask = 2147483647;
			files = (
				567F35B11E8C377D00CFCAFD /* supremetestbruhTests.swift in Sources */,
			);
			runOnlyForDeploymentPostprocessing = 0;
		};
		567F35B31E8C377D00CFCAFD /* Sources */ = {
			isa = PBXSourcesBuildPhase;
			buildActionMask = 2147483647;
			files = (
				567F35BC1E8C377D00CFCAFD /* supremetestbruhUITests.swift in Sources */,
			);
			runOnlyForDeploymentPostprocessing = 0;
		};
/* End PBXSourcesBuildPhase section */

/* Begin PBXTargetDependency section */
		567F35AE1E8C377D00CFCAFD /* PBXTargetDependency */ = {
			isa = PBXTargetDependency;
			target = 567F35971E8C377D00CFCAFD /* supremetestbruh */;
			targetProxy = 567F35AD1E8C377D00CFCAFD /* PBXContainerItemProxy */;
		};
		567F35B91E8C377D00CFCAFD /* PBXTargetDependency */ = {
			isa = PBXTargetDependency;
			target = 567F35971E8C377D00CFCAFD /* supremetestbruh */;
			targetProxy = 567F35B81E8C377D00CFCAFD /* PBXContainerItemProxy */;
		};
/* End PBXTargetDependency section */

/* Begin PBXVariantGroup section */
		567F359F1E8C377D00CFCAFD /* Main.storyboard */ = {
			isa = PBXVariantGroup;
			children = (
				567F35A01E8C377D00CFCAFD /* Base */,
			);
			name = Main.storyboard;
			sourceTree = "<group>";
		};
		567F35A41E8C377D00CFCAFD /* LaunchScreen.storyboard */ = {
			isa = PBXVariantGroup;
			children = (
				567F35A51E8C377D00CFCAFD /* Base */,
			);
			name = LaunchScreen.storyboard;
			sourceTree = "<group>";
		};
/* End PBXVariantGroup section */

/* Begin XCBuildConfiguration section */
		567F35BE1E8C377D00CFCAFD /* Debug */ = {
			isa = XCBuildConfiguration;
			buildSettings = {
				ALWAYS_SEARCH_USER_PATHS = NO;
				CLANG_ANALYZER_NONNULL = YES;
				CLANG_CXX_LANGUAGE_STANDARD = "gnu++0x";
				CLANG_CXX_LIBRARY = "libc++";
				CLANG_ENABLE_MODULES = YES;
				CLANG_ENABLE_OBJC_ARC = YES;
				CLANG_WARN_BOOL_CONVERSION = YES;
				CLANG_WARN_CONSTANT_CONVERSION = YES;
				CLANG_WARN_DIRECT_OBJC_ISA_USAGE = YES_ERROR;
				CLANG_WARN_EMPTY_BODY = YES;
				CLANG_WARN_ENUM_CONVERSION = YES;
				CLANG_WARN_INT_CONVERSION = YES;
				CLANG_WARN_OBJC_ROOT_CLASS = YES_ERROR;
				CLANG_WARN_UNREACHABLE_CODE = YES;
				CLANG_WARN__DUPLICATE_METHOD_MATCH = YES;
				"CODE_SIGN_IDENTITY[sdk=iphoneos*]" = "iPhone Developer";
				COPY_PHASE_STRIP = NO;
				DEBUG_INFORMATION_FORMAT = dwarf;
				ENABLE_STRICT_OBJC_MSGSEND = YES;
				ENABLE_TESTABILITY = YES;
				GCC_C_LANGUAGE_STANDARD = gnu99;
				GCC_DYNAMIC_NO_PIC = NO;
				GCC_NO_COMMON_BLOCKS = YES;
				GCC_OPTIMIZATION_LEVEL = 0;
				GCC_PREPROCESSOR_DEFINITIONS = (
					"DEBUG=1",
					"$(inherited)",
				);
				GCC_WARN_64_TO_32_BIT_CONVERSION = YES;
				GCC_WARN_ABOUT_RETURN_TYPE = YES_ERROR;
				GCC_WARN_UNDECLARED_SELECTOR = YES;
				GCC_WARN_UNINITIALIZED_AUTOS = YES_AGGRESSIVE;
				GCC_WARN_UNUSED_FUNCTION = YES;
				GCC_WARN_UNUSED_VARIABLE = YES;
				IPHONEOS_DEPLOYMENT_TARGET = 9.3;
				MTL_ENABLE_DEBUG_INFO = YES;
				ONLY_ACTIVE_ARCH = YES;
				SDKROOT = iphoneos;
				SWIFT_OPTIMIZATION_LEVEL = "-Onone";
			};
			name = Debug;
		};
		567F35BF1E8C377D00CFCAFD /* Release */ = {
			isa = XCBuildConfiguration;
			buildSettings = {
				ALWAYS_SEARCH_USER_PATHS = NO;
				CLANG_ANALYZER_NONNULL = YES;
				CLANG_CXX_LANGUAGE_STANDARD = "gnu++0x";
				CLANG_CXX_LIBRARY = "libc++";
				CLANG_ENABLE_MODULES = YES;
				CLANG_ENABLE_OBJC_ARC = YES;
				CLANG_WARN_BOOL_CONVERSION = YES;
				CLANG_WARN_CONSTANT_CONVERSION = YES;
				CLANG_WARN_DIRECT_OBJC_ISA_USAGE = YES_ERROR;
				CLANG_WARN_EMPTY_BODY = YES;
				CLANG_WARN_ENUM_CONVERSION = YES;
				CLANG_WARN_INT_CONVERSION = YES;
				CLANG_WARN_OBJC_ROOT_CLASS = YES_ERROR;
				CLANG_WARN_UNREACHABLE_CODE = YES;
				CLANG_WARN__DUPLICATE_METHOD_MATCH = YES;
				"CODE_SIGN_IDENTITY[sdk=iphoneos*]" = "iPhone Developer";
				COPY_PHASE_STRIP = NO;
				DEBUG_INFORMATION_FORMAT = "dwarf-with-dsym";
				ENABLE_NS_ASSERTIONS = NO;
				ENABLE_STRICT_OBJC_MSGSEND = YES;
				GCC_C_LANGUAGE_STANDARD = gnu99;
				GCC_NO_COMMON_BLOCKS = YES;
				GCC_WARN_64_TO_32_BIT_CONVERSION = YES;
				GCC_WARN_ABOUT_RETURN_TYPE = YES_ERROR;
				GCC_WARN_UNDECLARED_SELECTOR = YES;
				GCC_WARN_UNINITIALIZED_AUTOS = YES_AGGRESSIVE;
				GCC_WARN_UNUSED_FUNCTION = YES;
				GCC_WARN_UNUSED_VARIABLE = YES;
				IPHONEOS_DEPLOYMENT_TARGET = 9.3;
				MTL_ENABLE_DEBUG_INFO = NO;
				SDKROOT = iphoneos;
				VALIDATE_PRODUCT = YES;
			};
			name = Release;
		};
		567F35C11E8C377D00CFCAFD /* Debug */ = {
			isa = XCBuildConfiguration;
			buildSettings = {
				ASSETCATALOG_COMPILER_APPICON_NAME = AppIcon;
				INFOPLIST_FILE = supremetestbruh/Info.plist;
				LD_RUNPATH_SEARCH_PATHS = "$(inherited) @executable_path/Frameworks";
				PRODUCT_BUNDLE_IDENTIFIER = com.LFCameron7.supremetestbruh;
				PRODUCT_NAME = "$(TARGET_NAME)";
			};
			name = Debug;
		};
		567F35C21E8C377D00CFCAFD /* Release */ = {
			isa = XCBuildConfiguration;
			buildSettings = {
				ASSETCATALOG_COMPILER_APPICON_NAME = AppIcon;
				INFOPLIST_FILE = supremetestbruh/Info.plist;
				LD_RUNPATH_SEARCH_PATHS = "$(inherited) @executable_path/Frameworks";
				PRODUCT_BUNDLE_IDENTIFIER = com.LFCameron7.supremetestbruh;
				PRODUCT_NAME = "$(TARGET_NAME)";
			};
			name = Release;
		};
		567F35C41E8C377D00CFCAFD /* Debug */ = {
			isa = XCBuildConfiguration;
			buildSettings = {
				BUNDLE_LOADER = "$(TEST_HOST)";
				INFOPLIST_FILE = supremetestbruhTests/Info.plist;
				LD_RUNPATH_SEARCH_PATHS = "$(inherited) @executable_path/Frameworks @loader_path/Frameworks";
				PRODUCT_BUNDLE_IDENTIFIER = com.LFCameron7.supremetestbruhTests;
				PRODUCT_NAME = "$(TARGET_NAME)";
				TEST_HOST = "$(BUILT_PRODUCTS_DIR)/supremetestbruh.app/supremetestbruh";
			};
			name = Debug;
		};
		567F35C51E8C377D00CFCAFD /* Release */ = {
			isa = XCBuildConfiguration;
			buildSettings = {
				BUNDLE_LOADER = "$(TEST_HOST)";
				INFOPLIST_FILE = supremetestbruhTests/Info.plist;
				LD_RUNPATH_SEARCH_PATHS = "$(inherited) @executable_path/Frameworks @loader_path/Frameworks";
				PRODUCT_BUNDLE_IDENTIFIER = com.LFCameron7.supremetestbruhTests;
				PRODUCT_NAME = "$(TARGET_NAME)";
				TEST_HOST = "$(BUILT_PRODUCTS_DIR)/supremetestbruh.app/supremetestbruh";
			};
			name = Release;
		};
		567F35C71E8C377D00CFCAFD /* Debug */ = {
			isa = XCBuildConfiguration;
			buildSettings = {
				INFOPLIST_FILE = supremetestbruhUITests/Info.plist;
				LD_RUNPATH_SEARCH_PATHS = "$(inherited) @executable_path/Frameworks @loader_path/Frameworks";
				PRODUCT_BUNDLE_IDENTIFIER = com.LFCameron7.supremetestbruhUITests;
				PRODUCT_NAME = "$(TARGET_NAME)";
				TEST_TARGET_NAME = supremetestbruh;
			};
			name = Debug;
		};
		567F35C81E8C377D00CFCAFD /* Release */ = {
			isa = XCBuildConfiguration;
			buildSettings = {
				INFOPLIST_FILE = supremetestbruhUITests/Info.plist;
				LD_RUNPATH_SEARCH_PATHS = "$(inherited) @executable_path/Frameworks @loader_path/Frameworks";
				PRODUCT_BUNDLE_IDENTIFIER = com.LFCameron7.supremetestbruhUITests;
				PRODUCT_NAME = "$(TARGET_NAME)";
				TEST_TARGET_NAME = supremetestbruh;
			};
			name = Release;
		};
/* End XCBuildConfiguration section */

/* Begin XCConfigurationList section */
		567F35931E8C377D00CFCAFD /* Build configuration list for PBXProject "supremetestbruh" */ = {
			isa = XCConfigurationList;
			buildConfigurations = (
				567F35BE1E8C377D00CFCAFD /* Debug */,
				567F35BF1E8C377D00CFCAFD /* Release */,
			);
			defaultConfigurationIsVisible = 0;
			defaultConfigurationName = Release;
		};
		567F35C01E8C377D00CFCAFD /* Build configuration list for PBXNativeTarget "supremetestbruh" */ = {
			isa = XCConfigurationList;
			buildConfigurations = (
				567F35C11E8C377D00CFCAFD /* Debug */,
				567F35C21E8C377D00CFCAFD /* Release */,
			);
			defaultConfigurationIsVisible = 0;
		};
		567F35C31E8C377D00CFCAFD /* Build configuration list for PBXNativeTarget "supremetestbruhTests" */ = {
			isa = XCConfigurationList;
			buildConfigurations = (
				567F35C41E8C377D00CFCAFD /* Debug */,
				567F35C51E8C377D00CFCAFD /* Release */,
			);
			defaultConfigurationIsVisible = 0;
		};
		567F35C61E8C377D00CFCAFD /* Build configuration list for PBXNativeTarget "supremetestbruhUITests" */ = {
			isa = XCConfigurationList;
			buildConfigurations = (
				567F35C71E8C377D00CFCAFD /* Debug */,
				567F35C81E8C377D00CFCAFD /* Release */,
			);
			defaultConfigurationIsVisible = 0;
		};
/* End XCConfigurationList section */
	};
	rootObject = 567F35901E8C377D00CFCAFD /* Project object */;
}
